// !$*UTF8*$!
{
	archiveVersion = 1;
	classes = {
	};
	objectVersion = 50;
	objects = {

/* Begin PBXBuildFile section */
		66B10E7622ADD3CC007496B8 /* AppDelegate.swift in Sources */ = {isa = PBXBuildFile; fileRef = 66B10E7522ADD3CC007496B8 /* AppDelegate.swift */; };
		66B10E7822ADD3CC007496B8 /* ViewController.swift in Sources */ = {isa = PBXBuildFile; fileRef = 66B10E7722ADD3CC007496B8 /* ViewController.swift */; };
		66B10E7B22ADD3CC007496B8 /* Main.storyboard in Resources */ = {isa = PBXBuildFile; fileRef = 66B10E7922ADD3CC007496B8 /* Main.storyboard */; };
		66B10E7D22ADD3D4007496B8 /* Assets.xcassets in Resources */ = {isa = PBXBuildFile; fileRef = 66B10E7C22ADD3D4007496B8 /* Assets.xcassets */; };
		66B10E8022ADD3D4007496B8 /* LaunchScreen.storyboard in Resources */ = {isa = PBXBuildFile; fileRef = 66B10E7E22ADD3D4007496B8 /* LaunchScreen.storyboard */; };
		66B10E8B22ADD3D4007496B8 /* Word_GardenTests.swift in Sources */ = {isa = PBXBuildFile; fileRef = 66B10E8A22ADD3D4007496B8 /* Word_GardenTests.swift */; };
		66B10E9622ADD3D4007496B8 /* Word_GardenUITests.swift in Sources */ = {isa = PBXBuildFile; fileRef = 66B10E9522ADD3D4007496B8 /* Word_GardenUITests.swift */; };
/* End PBXBuildFile section */

/* Begin PBXContainerItemProxy section */
		66B10E8722ADD3D4007496B8 /* PBXContainerItemProxy */ = {
			isa = PBXContainerItemProxy;
			containerPortal = 66B10E6A22ADD3CC007496B8 /* Project object */;
			proxyType = 1;
			remoteGlobalIDString = 66B10E7122ADD3CC007496B8;
			remoteInfo = "Word Garden";
		};
		66B10E9222ADD3D4007496B8 /* PBXContainerItemProxy */ = {
			isa = PBXContainerItemProxy;
			containerPortal = 66B10E6A22ADD3CC007496B8 /* Project object */;
			proxyType = 1;
			remoteGlobalIDString = 66B10E7122ADD3CC007496B8;
			remoteInfo = "Word Garden";
		};
/* End PBXContainerItemProxy section */

/* Begin PBXFileReference section */
		66B10E7222ADD3CC007496B8 /* Word Garden.app */ = {isa = PBXFileReference; explicitFileType = wrapper.application; includeInIndex = 0; path = "Word Garden.app"; sourceTree = BUILT_PRODUCTS_DIR; };
		66B10E7522ADD3CC007496B8 /* AppDelegate.swift */ = {isa = PBXFileReference; lastKnownFileType = sourcecode.swift; path = AppDelegate.swift; sourceTree = "<group>"; };
		66B10E7722ADD3CC007496B8 /* ViewController.swift */ = {isa = PBXFileReference; lastKnownFileType = sourcecode.swift; path = ViewController.swift; sourceTree = "<group>"; };
		66B10E7A22ADD3CC007496B8 /* Base */ = {isa = PBXFileReference; lastKnownFileType = file.storyboard; name = Base; path = Base.lproj/Main.storyboard; sourceTree = "<group>"; };
		66B10E7C22ADD3D4007496B8 /* Assets.xcassets */ = {isa = PBXFileReference; lastKnownFileType = folder.assetcatalog; path = Assets.xcassets; sourceTree = "<group>"; };
		66B10E7F22ADD3D4007496B8 /* Base */ = {isa = PBXFileReference; lastKnownFileType = file.storyboard; name = Base; path = Base.lproj/LaunchScreen.storyboard; sourceTree = "<group>"; };
		66B10E8122ADD3D4007496B8 /* Info.plist */ = {isa = PBXFileReference; lastKnownFileType = text.plist.xml; path = Info.plist; sourceTree = "<group>"; };
		66B10E8622ADD3D4007496B8 /* Word GardenTests.xctest */ = {isa = PBXFileReference; explicitFileType = wrapper.cfbundle; includeInIndex = 0; path = "Word GardenTests.xctest"; sourceTree = BUILT_PRODUCTS_DIR; };
		66B10E8A22ADD3D4007496B8 /* Word_GardenTests.swift */ = {isa = PBXFileReference; lastKnownFileType = sourcecode.swift; path = Word_GardenTests.swift; sourceTree = "<group>"; };
		66B10E8C22ADD3D4007496B8 /* Info.plist */ = {isa = PBXFileReference; lastKnownFileType = text.plist.xml; path = Info.plist; sourceTree = "<group>"; };
		66B10E9122ADD3D4007496B8 /* Word GardenUITests.xctest */ = {isa = PBXFileReference; explicitFileType = wrapper.cfbundle; includeInIndex = 0; path = "Word GardenUITests.xctest"; sourceTree = BUILT_PRODUCTS_DIR; };
		66B10E9522ADD3D4007496B8 /* Word_GardenUITests.swift */ = {isa = PBXFileReference; lastKnownFileType = sourcecode.swift; path = Word_GardenUITests.swift; sourceTree = "<group>"; };
		66B10E9722ADD3D4007496B8 /* Info.plist */ = {isa = PBXFileReference; lastKnownFileType = text.plist.xml; path = Info.plist; sourceTree = "<group>"; };
/* End PBXFileReference section */

/* Begin PBXFrameworksBuildPhase section */
		66B10E6F22ADD3CC007496B8 /* Frameworks */ = {
			isa = PBXFrameworksBuildPhase;
			buildActionMask = 2147483647;
			files = (
			);
			runOnlyForDeploymentPostprocessing = 0;
		};
		66B10E8322ADD3D4007496B8 /* Frameworks */ = {
			isa = PBXFrameworksBuildPhase;
			buildActionMask = 2147483647;
			files = (
			);
			runOnlyForDeploymentPostprocessing = 0;
		};
		66B10E8E22ADD3D4007496B8 /* Frameworks */ = {
			isa = PBXFrameworksBuildPhase;
			buildActionMask = 2147483647;
			files = (
			);
			runOnlyForDeploymentPostprocessing = 0;
		};
/* End PBXFrameworksBuildPhase section */

/* Begin PBXGroup section */
		66B10E6922ADD3CC007496B8 = {
			isa = PBXGroup;
			children = (
				66B10E7422ADD3CC007496B8 /* Word Garden */,
				66B10E8922ADD3D4007496B8 /* Word GardenTests */,
				66B10E9422ADD3D4007496B8 /* Word GardenUITests */,
				66B10E7322ADD3CC007496B8 /* Products */,
			);
			sourceTree = "<group>";
		};
		66B10E7322ADD3CC007496B8 /* Products */ = {
			isa = PBXGroup;
			children = (
				66B10E7222ADD3CC007496B8 /* Word Garden.app */,
				66B10E8622ADD3D4007496B8 /* Word GardenTests.xctest */,
				66B10E9122ADD3D4007496B8 /* Word GardenUITests.xctest */,
			);
			name = Products;
			sourceTree = "<group>";
		};
		66B10E7422ADD3CC007496B8 /* Word Garden */ = {
			isa = PBXGroup;
			children = (
				66B10E7522ADD3CC007496B8 /* AppDelegate.swift */,
				66B10E7722ADD3CC007496B8 /* ViewController.swift */,
				66B10E7922ADD3CC007496B8 /* Main.storyboard */,
				66B10E7C22ADD3D4007496B8 /* Assets.xcassets */,
				66B10E7E22ADD3D4007496B8 /* LaunchScreen.storyboard */,
				66B10E8122ADD3D4007496B8 /* Info.plist */,
			);
			path = "Word Garden";
			sourceTree = "<group>";
		};
		66B10E8922ADD3D4007496B8 /* Word GardenTests */ = {
			isa = PBXGroup;
			children = (
				66B10E8A22ADD3D4007496B8 /* Word_GardenTests.swift */,
				66B10E8C22ADD3D4007496B8 /* Info.plist */,
			);
			path = "Word GardenTests";
			sourceTree = "<group>";
		};
		66B10E9422ADD3D4007496B8 /* Word GardenUITests */ = {
			isa = PBXGroup;
			children = (
				66B10E9522ADD3D4007496B8 /* Word_GardenUITests.swift */,
				66B10E9722ADD3D4007496B8 /* Info.plist */,
			);
			path = "Word GardenUITests";
			sourceTree = "<group>";
		};
/* End PBXGroup section */

/* Begin PBXNativeTarget section */
		66B10E7122ADD3CC007496B8 /* Word Garden */ = {
			isa = PBXNativeTarget;
			buildConfigurationList = 66B10E9A22ADD3D4007496B8 /* Build configuration list for PBXNativeTarget "Word Garden" */;
			buildPhases = (
				66B10E6E22ADD3CC007496B8 /* Sources */,
				66B10E6F22ADD3CC007496B8 /* Frameworks */,
				66B10E7022ADD3CC007496B8 /* Resources */,
			);
			buildRules = (
			);
			dependencies = (
			);
			name = "Word Garden";
			productName = "Word Garden";
			productReference = 66B10E7222ADD3CC007496B8 /* Word Garden.app */;
			productType = "com.apple.product-type.application";
		};
		66B10E8522ADD3D4007496B8 /* Word GardenTests */ = {
			isa = PBXNativeTarget;
			buildConfigurationList = 66B10E9D22ADD3D4007496B8 /* Build configuration list for PBXNativeTarget "Word GardenTests" */;
			buildPhases = (
				66B10E8222ADD3D4007496B8 /* Sources */,
				66B10E8322ADD3D4007496B8 /* Frameworks */,
				66B10E8422ADD3D4007496B8 /* Resources */,
			);
			buildRules = (
			);
			dependencies = (
				66B10E8822ADD3D4007496B8 /* PBXTargetDependency */,
			);
			name = "Word GardenTests";
			productName = "Word GardenTests";
			productReference = 66B10E8622ADD3D4007496B8 /* Word GardenTests.xctest */;
			productType = "com.apple.product-type.bundle.unit-test";
		};
		66B10E9022ADD3D4007496B8 /* Word GardenUITests */ = {
			isa = PBXNativeTarget;
			buildConfigurationList = 66B10EA022ADD3D4007496B8 /* Build configuration list for PBXNativeTarget "Word GardenUITests" */;
			buildPhases = (
				66B10E8D22ADD3D4007496B8 /* Sources */,
				66B10E8E22ADD3D4007496B8 /* Frameworks */,
				66B10E8F22ADD3D4007496B8 /* Resources */,
			);
			buildRules = (
			);
			dependencies = (
				66B10E9322ADD3D4007496B8 /* PBXTargetDependency */,
			);
			name = "Word GardenUITests";
			productName = "Word GardenUITests";
			productReference = 66B10E9122ADD3D4007496B8 /* Word GardenUITests.xctest */;
			productType = "com.apple.product-type.bundle.ui-testing";
		};
/* End PBXNativeTarget section */

/* Begin PBXProject section */
		66B10E6A22ADD3CC007496B8 /* Project object */ = {
			isa = PBXProject;
			attributes = {
				LastSwiftUpdateCheck = 1020;
				LastUpgradeCheck = 1020;
				ORGANIZATIONNAME = "Laird Connor Stephen Marlin I, Exquire";
				TargetAttributes = {
					66B10E7122ADD3CC007496B8 = {
						CreatedOnToolsVersion = 10.2.1;
					};
					66B10E8522ADD3D4007496B8 = {
						CreatedOnToolsVersion = 10.2.1;
						TestTargetID = 66B10E7122ADD3CC007496B8;
					};
					66B10E9022ADD3D4007496B8 = {
						CreatedOnToolsVersion = 10.2.1;
						TestTargetID = 66B10E7122ADD3CC007496B8;
					};
				};
			};
			buildConfigurationList = 66B10E6D22ADD3CC007496B8 /* Build configuration list for PBXProject "Word Garden" */;
			compatibilityVersion = "Xcode 9.3";
			developmentRegion = en;
			hasScannedForEncodings = 0;
			knownRegions = (
				en,
				Base,
			);
			mainGroup = 66B10E6922ADD3CC007496B8;
			productRefGroup = 66B10E7322ADD3CC007496B8 /* Products */;
			projectDirPath = "";
			projectRoot = "";
			targets = (
				66B10E7122ADD3CC007496B8 /* Word Garden */,
				66B10E8522ADD3D4007496B8 /* Word GardenTests */,
				66B10E9022ADD3D4007496B8 /* Word GardenUITests */,
			);
		};
/* End PBXProject section */

/* Begin PBXResourcesBuildPhase section */
		66B10E7022ADD3CC007496B8 /* Resources */ = {
			isa = PBXResourcesBuildPhase;
			buildActionMask = 2147483647;
			files = (
				66B10E8022ADD3D4007496B8 /* LaunchScreen.storyboard in Resources */,
				66B10E7D22ADD3D4007496B8 /* Assets.xcassets in Resources */,
				66B10E7B22ADD3CC007496B8 /* Main.storyboard in Resources */,
			);
			runOnlyForDeploymentPostprocessing = 0;
		};
		66B10E8422ADD3D4007496B8 /* Resources */ = {
			isa = PBXResourcesBuildPhase;
			buildActionMask = 2147483647;
			files = (
			);
			runOnlyForDeploymentPostprocessing = 0;
		};
		66B10E8F22ADD3D4007496B8 /* Resources */ = {
			isa = PBXResourcesBuildPhase;
			buildActionMask = 2147483647;
			files = (
			);
			runOnlyForDeploymentPostprocessing = 0;
		};
/* End PBXResourcesBuildPhase section */

/* Begin PBXSourcesBuildPhase section */
		66B10E6E22ADD3CC007496B8 /* Sources */ = {
			isa = PBXSourcesBuildPhase;
			buildActionMask = 2147483647;
			files = (
				66B10E7822ADD3CC007496B8 /* ViewController.swift in Sources */,
				66B10E7622ADD3CC007496B8 /* AppDelegate.swift in Sources */,
			);
			runOnlyForDeploymentPostprocessing = 0;
		};
		66B10E8222ADD3D4007496B8 /* Sources */ = {
			isa = PBXSourcesBuildPhase;
			buildActionMask = 2147483647;
			files = (
				66B10E8B22ADD3D4007496B8 /* Word_GardenTests.swift in Sources */,
			);
			runOnlyForDeploymentPostprocessing = 0;
		};
		66B10E8D22ADD3D4007496B8 /* Sources */ = {
			isa = PBXSourcesBuildPhase;
			buildActionMask = 2147483647;
			files = (
				66B10E9622ADD3D4007496B8 /* Word_GardenUITests.swift in Sources */,
			);
			runOnlyForDeploymentPostprocessing = 0;
		};
/* End PBXSourcesBuildPhase section */

/* Begin PBXTargetDependency section */
		66B10E8822ADD3D4007496B8 /* PBXTargetDependency */ = {
			isa = PBXTargetDependency;
			target = 66B10E7122ADD3CC007496B8 /* Word Garden */;
			targetProxy = 66B10E8722ADD3D4007496B8 /* PBXContainerItemProxy */;
		};
		66B10E9322ADD3D4007496B8 /* PBXTargetDependency */ = {
			isa = PBXTargetDependency;
			target = 66B10E7122ADD3CC007496B8 /* Word Garden */;
			targetProxy = 66B10E9222ADD3D4007496B8 /* PBXContainerItemProxy */;
		};
/* End PBXTargetDependency section */

/* Begin PBXVariantGroup section */
		66B10E7922ADD3CC007496B8 /* Main.storyboard */ = {
			isa = PBXVariantGroup;
			children = (
				66B10E7A22ADD3CC007496B8 /* Base */,
			);
			name = Main.storyboard;
			sourceTree = "<group>";
		};
		66B10E7E22ADD3D4007496B8 /* LaunchScreen.storyboard */ = {
			isa = PBXVariantGroup;
			children = (
				66B10E7F22ADD3D4007496B8 /* Base */,
			);
			name = LaunchScreen.storyboard;
			sourceTree = "<group>";
		};
/* End PBXVariantGroup section */

/* Begin XCBuildConfiguration section */
		66B10E9822ADD3D4007496B8 /* Debug */ = {
			isa = XCBuildConfiguration;
			buildSettings = {
				ALWAYS_SEARCH_USER_PATHS = NO;
				CLANG_ANALYZER_NONNULL = YES;
				CLANG_ANALYZER_NUMBER_OBJECT_CONVERSION = YES_AGGRESSIVE;
				CLANG_CXX_LANGUAGE_STANDARD = "gnu++14";
				CLANG_CXX_LIBRARY = "libc++";
				CLANG_ENABLE_MODULES = YES;
				CLANG_ENABLE_OBJC_ARC = YES;
				CLANG_ENABLE_OBJC_WEAK = YES;
				CLANG_WARN_BLOCK_CAPTURE_AUTORELEASING = YES;
				CLANG_WARN_BOOL_CONVERSION = YES;
				CLANG_WARN_COMMA = YES;
				CLANG_WARN_CONSTANT_CONVERSION = YES;
				CLANG_WARN_DEPRECATED_OBJC_IMPLEMENTATIONS = YES;
				CLANG_WARN_DIRECT_OBJC_ISA_USAGE = YES_ERROR;
				CLANG_WARN_DOCUMENTATION_COMMENTS = YES;
				CLANG_WARN_EMPTY_BODY = YES;
				CLANG_WARN_ENUM_CONVERSION = YES;
				CLANG_WARN_INFINITE_RECURSION = YES;
				CLANG_WARN_INT_CONVERSION = YES;
				CLANG_WARN_NON_LITERAL_NULL_CONVERSION = YES;
				CLANG_WARN_OBJC_IMPLICIT_RETAIN_SELF = YES;
				CLANG_WARN_OBJC_LITERAL_CONVERSION = YES;
				CLANG_WARN_OBJC_ROOT_CLASS = YES_ERROR;
				CLANG_WARN_RANGE_LOOP_ANALYSIS = YES;
				CLANG_WARN_STRICT_PROTOTYPES = YES;
				CLANG_WARN_SUSPICIOUS_MOVE = YES;
				CLANG_WARN_UNGUARDED_AVAILABILITY = YES_AGGRESSIVE;
				CLANG_WARN_UNREACHABLE_CODE = YES;
				CLANG_WARN__DUPLICATE_METHOD_MATCH = YES;
				CODE_SIGN_IDENTITY = "iPhone Developer";
				COPY_PHASE_STRIP = NO;
				DEBUG_INFORMATION_FORMAT = dwarf;
				ENABLE_STRICT_OBJC_MSGSEND = YES;
				ENABLE_TESTABILITY = YES;
				GCC_C_LANGUAGE_STANDARD = gnu11;
				GCC_DYNAMIC_NO_PIC = NO;
				GCC_NO_COMMON_BLOCKS = YES;
				GCC_OPTIMIZATION_LEVEL = 0;
				GCC_PREPROCESSOR_DEFINITIONS = (
					"DEBUG=1",
					"$(inherited)",
				);
				GCC_WARN_64_TO_32_BIT_CONVERSION = YES;
				GCC_WARN_ABOUT_RETURN_TYPE = YES_ERROR;
				GCC_WARN_UNDECLARED_SELECTOR = YES;
				GCC_WARN_UNINITIALIZED_AUTOS = YES_AGGRESSIVE;
				GCC_WARN_UNUSED_FUNCTION = YES;
				GCC_WARN_UNUSED_VARIABLE = YES;
				IPHONEOS_DEPLOYMENT_TARGET = 12.2;
				MTL_ENABLE_DEBUG_INFO = INCLUDE_SOURCE;
				MTL_FAST_MATH = YES;
				ONLY_ACTIVE_ARCH = YES;
				SDKROOT = iphoneos;
				SWIFT_ACTIVE_COMPILATION_CONDITIONS = DEBUG;
				SWIFT_OPTIMIZATION_LEVEL = "-Onone";
			};
			name = Debug;
		};
		66B10E9922ADD3D4007496B8 /* Release */ = {
			isa = XCBuildConfiguration;
			buildSettings = {
				ALWAYS_SEARCH_USER_PATHS = NO;
				CLANG_ANALYZER_NONNULL = YES;
				CLANG_ANALYZER_NUMBER_OBJECT_CONVERSION = YES_AGGRESSIVE;
				CLANG_CXX_LANGUAGE_STANDARD = "gnu++14";
				CLANG_CXX_LIBRARY = "libc++";
				CLANG_ENABLE_MODULES = YES;
				CLANG_ENABLE_OBJC_ARC = YES;
				CLANG_ENABLE_OBJC_WEAK = YES;
				CLANG_WARN_BLOCK_CAPTURE_AUTORELEASING = YES;
				CLANG_WARN_BOOL_CONVERSION = YES;
				CLANG_WARN_COMMA = YES;
				CLANG_WARN_CONSTANT_CONVERSION = YES;
				CLANG_WARN_DEPRECATED_OBJC_IMPLEMENTATIONS = YES;
				CLANG_WARN_DIRECT_OBJC_ISA_USAGE = YES_ERROR;
				CLANG_WARN_DOCUMENTATION_COMMENTS = YES;
				CLANG_WARN_EMPTY_BODY = YES;
				CLANG_WARN_ENUM_CONVERSION = YES;
				CLANG_WARN_INFINITE_RECURSION = YES;
				CLANG_WARN_INT_CONVERSION = YES;
				CLANG_WARN_NON_LITERAL_NULL_CONVERSION = YES;
				CLANG_WARN_OBJC_IMPLICIT_RETAIN_SELF = YES;
				CLANG_WARN_OBJC_LITERAL_CONVERSION = YES;
				CLANG_WARN_OBJC_ROOT_CLASS = YES_ERROR;
				CLANG_WARN_RANGE_LOOP_ANALYSIS = YES;
				CLANG_WARN_STRICT_PROTOTYPES = YES;
				CLANG_WARN_SUSPICIOUS_MOVE = YES;
				CLANG_WARN_UNGUARDED_AVAILABILITY = YES_AGGRESSIVE;
				CLANG_WARN_UNREACHABLE_CODE = YES;
				CLANG_WARN__DUPLICATE_METHOD_MATCH = YES;
				CODE_SIGN_IDENTITY = "iPhone Developer";
				COPY_PHASE_STRIP = NO;
				DEBUG_INFORMATION_FORMAT = "dwarf-with-dsym";
				ENABLE_NS_ASSERTIONS = NO;
				ENABLE_STRICT_OBJC_MSGSEND = YES;
				GCC_C_LANGUAGE_STANDARD = gnu11;
				GCC_NO_COMMON_BLOCKS = YES;
				GCC_WARN_64_TO_32_BIT_CONVERSION = YES;
				GCC_WARN_ABOUT_RETURN_TYPE = YES_ERROR;
				GCC_WARN_UNDECLARED_SELECTOR = YES;
				GCC_WARN_UNINITIALIZED_AUTOS = YES_AGGRESSIVE;
				GCC_WARN_UNUSED_FUNCTION = YES;
				GCC_WARN_UNUSED_VARIABLE = YES;
				IPHONEOS_DEPLOYMENT_TARGET = 12.2;
				MTL_ENABLE_DEBUG_INFO = NO;
				MTL_FAST_MATH = YES;
				SDKROOT = iphoneos;
				SWIFT_COMPILATION_MODE = wholemodule;
				SWIFT_OPTIMIZATION_LEVEL = "-O";
				VALIDATE_PRODUCT = YES;
			};
			name = Release;
		};
		66B10E9B22ADD3D4007496B8 /* Debug */ = {
			isa = XCBuildConfiguration;
			buildSettings = {
				ASSETCATALOG_COMPILER_APPICON_NAME = AppIcon;
				CODE_SIGN_STYLE = Automatic;
				DEVELOPMENT_TEAM = 29S53W9L6U;
				INFOPLIST_FILE = "Word Garden/Info.plist";
				LD_RUNPATH_SEARCH_PATHS = (
					"$(inherited)",
					"@executable_path/Frameworks",
				);
				PRODUCT_BUNDLE_IDENTIFIER = "Marlin.Word-Garden";
				PRODUCT_NAME = "$(TARGET_NAME)";
				SWIFT_VERSION = 5.0;
				TARGETED_DEVICE_FAMILY = "1,2";
			};
			name = Debug;
		};
		66B10E9C22ADD3D4007496B8 /* Release */ = {
			isa = XCBuildConfiguration;
			buildSettings = {
				ASSETCATALOG_COMPILER_APPICON_NAME = AppIcon;
				CODE_SIGN_STYLE = Automatic;
				DEVELOPMENT_TEAM = 29S53W9L6U;
				INFOPLIST_FILE = "Word Garden/Info.plist";
				LD_RUNPATH_SEARCH_PATHS = (
					"$(inherited)",
					"@executable_path/Frameworks",
				);
				PRODUCT_BUNDLE_IDENTIFIER = "Marlin.Word-Garden";
				PRODUCT_NAME = "$(TARGET_NAME)";
				SWIFT_VERSION = 5.0;
				TARGETED_DEVICE_FAMILY = "1,2";
			};
			name = Release;
		};
		66B10E9E22ADD3D4007496B8 /* Debug */ = {
			isa = XCBuildConfiguration;
			buildSettings = {
				ALWAYS_EMBED_SWIFT_STANDARD_LIBRARIES = YES;
				BUNDLE_LOADER = "$(TEST_HOST)";
				CODE_SIGN_STYLE = Automatic;
				DEVELOPMENT_TEAM = 29S53W9L6U;
				INFOPLIST_FILE = "Word GardenTests/Info.plist";
				LD_RUNPATH_SEARCH_PATHS = (
					"$(inherited)",
					"@executable_path/Frameworks",
					"@loader_path/Frameworks",
				);
				PRODUCT_BUNDLE_IDENTIFIER = "Marlin.Word-GardenTests";
				PRODUCT_NAME = "$(TARGET_NAME)";
				SWIFT_VERSION = 5.0;
				TARGETED_DEVICE_FAMILY = "1,2";
				TEST_HOST = "$(BUILT_PRODUCTS_DIR)/Word Garden.app/Word Garden";
			};
			name = Debug;
		};
		66B10E9F22ADD3D4007496B8 /* Release */ = {
			isa = XCBuildConfiguration;
			buildSettings = {
				ALWAYS_EMBED_SWIFT_STANDARD_LIBRARIES = YES;
				BUNDLE_LOADER = "$(TEST_HOST)";
				CODE_SIGN_STYLE = Automatic;
				DEVELOPMENT_TEAM = 29S53W9L6U;
				INFOPLIST_FILE = "Word GardenTests/Info.plist";
				LD_RUNPATH_SEARCH_PATHS = (
					"$(inherited)",
					"@executable_path/Frameworks",
					"@loader_path/Frameworks",
				);
				PRODUCT_BUNDLE_IDENTIFIER = "Marlin.Word-GardenTests";
				PRODUCT_NAME = "$(TARGET_NAME)";
				SWIFT_VERSION = 5.0;
				TARGETED_DEVICE_FAMILY = "1,2";
				TEST_HOST = "$(BUILT_PRODUCTS_DIR)/Word Garden.app/Word Garden";
			};
			name = Release;
		};
		66B10EA122ADD3D4007496B8 /* Debug */ = {
			isa = XCBuildConfiguration;
			buildSettings = {
				ALWAYS_EMBED_SWIFT_STANDARD_LIBRARIES = YES;
				CODE_SIGN_STYLE = Automatic;
				DEVELOPMENT_TEAM = 29S53W9L6U;
				INFOPLIST_FILE = "Word GardenUITests/Info.plist";
				LD_RUNPATH_SEARCH_PATHS = (
					"$(inherited)",
					"@executable_path/Frameworks",
					"@loader_path/Frameworks",
				);
				PRODUCT_BUNDLE_IDENTIFIER = "Marlin.Word-GardenUITests";
				PRODUCT_NAME = "$(TARGET_NAME)";
				SWIFT_VERSION = 5.0;
				TARGETED_DEVICE_FAMILY = "1,2";
				TEST_TARGET_NAME = "Word Garden";
			};
			name = Debug;
		};
		66B10EA222ADD3D4007496B8 /* Release */ = {
			isa = XCBuildConfiguration;
			buildSettings = {
				ALWAYS_EMBED_SWIFT_STANDARD_LIBRARIES = YES;
				CODE_SIGN_STYLE = Automatic;
				DEVELOPMENT_TEAM = 29S53W9L6U;
				INFOPLIST_FILE = "Word GardenUITests/Info.plist";
				LD_RUNPATH_SEARCH_PATHS = (
					"$(inherited)",
					"@executable_path/Frameworks",
					"@loader_path/Frameworks",
				);
				PRODUCT_BUNDLE_IDENTIFIER = "Marlin.Word-GardenUITests";
				PRODUCT_NAME = "$(TARGET_NAME)";
				SWIFT_VERSION = 5.0;
				TARGETED_DEVICE_FAMILY = "1,2";
				TEST_TARGET_NAME = "Word Garden";
			};
			name = Release;
		};
/* End XCBuildConfiguration section */

/* Begin XCConfigurationList section */
		66B10E6D22ADD3CC007496B8 /* Build configuration list for PBXProject "Word Garden" */ = {
			isa = XCConfigurationList;
			buildConfigurations = (
				66B10E9822ADD3D4007496B8 /* Debug */,
				66B10E9922ADD3D4007496B8 /* Release */,
			);
			defaultConfigurationIsVisible = 0;
			defaultConfigurationName = Release;
		};
		66B10E9A22ADD3D4007496B8 /* Build configuration list for PBXNativeTarget "Word Garden" */ = {
			isa = XCConfigurationList;
			buildConfigurations = (
				66B10E9B22ADD3D4007496B8 /* Debug */,
				66B10E9C22ADD3D4007496B8 /* Release */,
			);
			defaultConfigurationIsVisible = 0;
			defaultConfigurationName = Release;
		};
		66B10E9D22ADD3D4007496B8 /* Build configuration list for PBXNativeTarget "Word GardenTests" */ = {
			isa = XCConfigurationList;
			buildConfigurations = (
				66B10E9E22ADD3D4007496B8 /* Debug */,
				66B10E9F22ADD3D4007496B8 /* Release */,
			);
			defaultConfigurationIsVisible = 0;
			defaultConfigurationName = Release;
		};
		66B10EA022ADD3D4007496B8 /* Build configuration list for PBXNativeTarget "Word GardenUITests" */ = {
			isa = XCConfigurationList;
			buildConfigurations = (
				66B10EA122ADD3D4007496B8 /* Debug */,
				66B10EA222ADD3D4007496B8 /* Release */,
			);
			defaultConfigurationIsVisible = 0;
			defaultConfigurationName = Release;
		};
/* End XCConfigurationList section */
	};
	rootObject = 66B10E6A22ADD3CC007496B8 /* Project object */;
}
